PODS:
  - DrawerController (4.0.0):
    - DrawerController/Core (= 4.0.0)
    - DrawerController/DrawerVisualStates (= 4.0.0)
  - DrawerController/Core (4.0.0)
  - DrawerController/DrawerVisualStates (4.0.0):
    - DrawerController/Core
  - KVOController (1.2.0)
  - MJRefresh (3.1.15.1)
  - SnapKit (4.0.0)

DEPENDENCIES:
  - DrawerController
  - KVOController
  - MJRefresh
  - SnapKit

SPEC CHECKSUMS:
  DrawerController: bad219f1535b1ff71f06ceb0f9d4339751b60af4
  KVOController: d72ace34afea42468329623b3379ab3cd1d286b6
  MJRefresh: 5f8552bc25ca8751c010f621c1098dbdaacbccd6
  SnapKit: a42d492c16e80209130a3379f73596c3454b7694

PODFILE CHECKSUM: 3e35f45c28541c7491ed16ac1a4e38a1c1fd0d3a

COCOAPODS: 1.3.1
