// !$*UTF8*$!
{
	archiveVersion = 1;
	classes = {
	};
	objectVersion = 48;
	objects = {

/* Begin PBXBuildFile section */
		2F0368131FE3A95C00E3DB47 /* Media.xcassets in Resources */ = {isa = PBXBuildFile; fileRef = 2F0368121FE3A95C00E3DB47 /* Media.xcassets */; };
		2F044F3D1FF08B3A0036C47D /* NotificationViewController.swift in Sources */ = {isa = PBXBuildFile; fileRef = 2F044F3C1FF08B3A0036C47D /* NotificationViewController.swift */; };
		2F044F3F1FF08CC50036C47D /* NotificationDataSource.swift in Sources */ = {isa = PBXBuildFile; fileRef = 2F044F3E1FF08CC50036C47D /* NotificationDataSource.swift */; };
		2F044F411FF0D2EA0036C47D /* UserInfoViewController.swift in Sources */ = {isa = PBXBuildFile; fileRef = 2F044F401FF0D2EA0036C47D /* UserInfoViewController.swift */; };
		2F1567FC1FE89ABB00169984 /* HomePageTableViewCell.swift in Sources */ = {isa = PBXBuildFile; fileRef = 2F1567FB1FE89ABB00169984 /* HomePageTableViewCell.swift */; };
		2F1568021FE8E71D00169984 /* ContentPageViewController.swift in Sources */ = {isa = PBXBuildFile; fileRef = 2F1568011FE8E71D00169984 /* ContentPageViewController.swift */; };
		2F1568041FE8E7E700169984 /* ContentDataSource.swift in Sources */ = {isa = PBXBuildFile; fileRef = 2F1568031FE8E7E700169984 /* ContentDataSource.swift */; };
		2F1568061FE905D600169984 /* CPHeaderTableViewCell.swift in Sources */ = {isa = PBXBuildFile; fileRef = 2F1568051FE905D600169984 /* CPHeaderTableViewCell.swift */; };
		2F1568081FE909DC00169984 /* CPHeaderView.swift in Sources */ = {isa = PBXBuildFile; fileRef = 2F1568071FE909DC00169984 /* CPHeaderView.swift */; };
		2F41E6991FE7DE8100D8C4B4 /* HomePageDataSource.swift in Sources */ = {isa = PBXBuildFile; fileRef = 2F41E6981FE7DE8100D8C4B4 /* HomePageDataSource.swift */; };
		2F65E2171FECEEAD0053AF48 /* LeftViewTableViewCell.swift in Sources */ = {isa = PBXBuildFile; fileRef = 2F65E2161FECEEAD0053AF48 /* LeftViewTableViewCell.swift */; };
		2FB02FD11FED149D009F2EA1 /* CommWebViewController.swift in Sources */ = {isa = PBXBuildFile; fileRef = 2FB02FD01FED149D009F2EA1 /* CommWebViewController.swift */; };
		2FBD2B8A1FEBCC2F009ED1A0 /* GuangGuAccount.swift in Sources */ = {isa = PBXBuildFile; fileRef = 2FBD2B891FEBCC2F009ED1A0 /* GuangGuAccount.swift */; };
		2FC20BDD1FE9EDF300381CDB /* LoginViewController.swift in Sources */ = {isa = PBXBuildFile; fileRef = 2FC20BDC1FE9EDF300381CDB /* LoginViewController.swift */; };
		2FC20BE01FE9EE8000381CDB /* GuangGuCommon.swift in Sources */ = {isa = PBXBuildFile; fileRef = 2FC20BDF1FE9EE8000381CDB /* GuangGuCommon.swift */; };
		2FC20BE21FEA4A4800381CDB /* CPCommentTableViewCell.swift in Sources */ = {isa = PBXBuildFile; fileRef = 2FC20BE11FEA4A4800381CDB /* CPCommentTableViewCell.swift */; };
		2FC657131FEE244A0001DADC /* NodesDataSource.swift in Sources */ = {isa = PBXBuildFile; fileRef = 2FC657121FEE244A0001DADC /* NodesDataSource.swift */; };
		2FD3F9421FDE25FA005DD1F1 /* AppDelegate.swift in Sources */ = {isa = PBXBuildFile; fileRef = 2FD3F9411FDE25FA005DD1F1 /* AppDelegate.swift */; };
		2FD3F9491FDE25FA005DD1F1 /* Assets.xcassets in Resources */ = {isa = PBXBuildFile; fileRef = 2FD3F9481FDE25FA005DD1F1 /* Assets.xcassets */; };
		2FD3F94C1FDE25FA005DD1F1 /* LaunchScreen.storyboard in Resources */ = {isa = PBXBuildFile; fileRef = 2FD3F94A1FDE25FA005DD1F1 /* LaunchScreen.storyboard */; };
		2FD3F9541FDE2E33005DD1F1 /* LeftViewController.swift in Sources */ = {isa = PBXBuildFile; fileRef = 2FD3F9531FDE2E33005DD1F1 /* LeftViewController.swift */; };
		2FD3F9561FDE2E45005DD1F1 /* CenterViewController.swift in Sources */ = {isa = PBXBuildFile; fileRef = 2FD3F9551FDE2E45005DD1F1 /* CenterViewController.swift */; };
		2FD3F9581FDE2E52005DD1F1 /* RightViewController.swift in Sources */ = {isa = PBXBuildFile; fileRef = 2FD3F9571FDE2E51005DD1F1 /* RightViewController.swift */; };
		6A1619CDDC5448126528E603 /* Pods_guanggoo_iOS.framework in Frameworks */ = {isa = PBXBuildFile; fileRef = 8F225A1249737370F60AFF7C /* Pods_guanggoo_iOS.framework */; };
/* End PBXBuildFile section */

/* Begin PBXFileReference section */
		2F0368121FE3A95C00E3DB47 /* Media.xcassets */ = {isa = PBXFileReference; lastKnownFileType = folder.assetcatalog; path = Media.xcassets; sourceTree = "<group>"; };
		2F044F3C1FF08B3A0036C47D /* NotificationViewController.swift */ = {isa = PBXFileReference; lastKnownFileType = sourcecode.swift; path = NotificationViewController.swift; sourceTree = "<group>"; };
		2F044F3E1FF08CC50036C47D /* NotificationDataSource.swift */ = {isa = PBXFileReference; lastKnownFileType = sourcecode.swift; path = NotificationDataSource.swift; sourceTree = "<group>"; };
		2F044F401FF0D2EA0036C47D /* UserInfoViewController.swift */ = {isa = PBXFileReference; lastKnownFileType = sourcecode.swift; path = UserInfoViewController.swift; sourceTree = "<group>"; };
		2F1567FB1FE89ABB00169984 /* HomePageTableViewCell.swift */ = {isa = PBXFileReference; lastKnownFileType = sourcecode.swift; path = HomePageTableViewCell.swift; sourceTree = "<group>"; };
		2F1568011FE8E71D00169984 /* ContentPageViewController.swift */ = {isa = PBXFileReference; lastKnownFileType = sourcecode.swift; path = ContentPageViewController.swift; sourceTree = "<group>"; };
		2F1568031FE8E7E700169984 /* ContentDataSource.swift */ = {isa = PBXFileReference; lastKnownFileType = sourcecode.swift; path = ContentDataSource.swift; sourceTree = "<group>"; };
		2F1568051FE905D600169984 /* CPHeaderTableViewCell.swift */ = {isa = PBXFileReference; lastKnownFileType = sourcecode.swift; path = CPHeaderTableViewCell.swift; sourceTree = "<group>"; };
		2F1568071FE909DC00169984 /* CPHeaderView.swift */ = {isa = PBXFileReference; lastKnownFileType = sourcecode.swift; path = CPHeaderView.swift; sourceTree = "<group>"; };
		2F41E6931FE7B27700D8C4B4 /* guanggoo-iOS-Bridging-Header.h */ = {isa = PBXFileReference; lastKnownFileType = sourcecode.c.h; path = "guanggoo-iOS-Bridging-Header.h"; sourceTree = "<group>"; };
		2F41E6981FE7DE8100D8C4B4 /* HomePageDataSource.swift */ = {isa = PBXFileReference; lastKnownFileType = sourcecode.swift; path = HomePageDataSource.swift; sourceTree = "<group>"; };
		2F65E2161FECEEAD0053AF48 /* LeftViewTableViewCell.swift */ = {isa = PBXFileReference; lastKnownFileType = sourcecode.swift; path = LeftViewTableViewCell.swift; sourceTree = "<group>"; };
		2FB02FD01FED149D009F2EA1 /* CommWebViewController.swift */ = {isa = PBXFileReference; lastKnownFileType = sourcecode.swift; path = CommWebViewController.swift; sourceTree = "<group>"; };
		2FBD2B891FEBCC2F009ED1A0 /* GuangGuAccount.swift */ = {isa = PBXFileReference; lastKnownFileType = sourcecode.swift; path = GuangGuAccount.swift; sourceTree = "<group>"; };
		2FC20BDC1FE9EDF300381CDB /* LoginViewController.swift */ = {isa = PBXFileReference; lastKnownFileType = sourcecode.swift; path = LoginViewController.swift; sourceTree = "<group>"; };
		2FC20BDF1FE9EE8000381CDB /* GuangGuCommon.swift */ = {isa = PBXFileReference; lastKnownFileType = sourcecode.swift; path = GuangGuCommon.swift; sourceTree = "<group>"; };
		2FC20BE11FEA4A4800381CDB /* CPCommentTableViewCell.swift */ = {isa = PBXFileReference; lastKnownFileType = sourcecode.swift; path = CPCommentTableViewCell.swift; sourceTree = "<group>"; };
		2FC657121FEE244A0001DADC /* NodesDataSource.swift */ = {isa = PBXFileReference; lastKnownFileType = sourcecode.swift; path = NodesDataSource.swift; sourceTree = "<group>"; };
		2FD3F93E1FDE25FA005DD1F1 /* guanggoo-iOS.app */ = {isa = PBXFileReference; explicitFileType = wrapper.application; includeInIndex = 0; path = "guanggoo-iOS.app"; sourceTree = BUILT_PRODUCTS_DIR; };
		2FD3F9411FDE25FA005DD1F1 /* AppDelegate.swift */ = {isa = PBXFileReference; lastKnownFileType = sourcecode.swift; path = AppDelegate.swift; sourceTree = "<group>"; };
		2FD3F9481FDE25FA005DD1F1 /* Assets.xcassets */ = {isa = PBXFileReference; lastKnownFileType = folder.assetcatalog; path = Assets.xcassets; sourceTree = "<group>"; };
		2FD3F94B1FDE25FA005DD1F1 /* Base */ = {isa = PBXFileReference; lastKnownFileType = file.storyboard; name = Base; path = Base.lproj/LaunchScreen.storyboard; sourceTree = "<group>"; };
		2FD3F94D1FDE25FA005DD1F1 /* Info.plist */ = {isa = PBXFileReference; lastKnownFileType = text.plist.xml; path = Info.plist; sourceTree = "<group>"; };
		2FD3F9531FDE2E33005DD1F1 /* LeftViewController.swift */ = {isa = PBXFileReference; lastKnownFileType = sourcecode.swift; path = LeftViewController.swift; sourceTree = "<group>"; };
		2FD3F9551FDE2E45005DD1F1 /* CenterViewController.swift */ = {isa = PBXFileReference; lastKnownFileType = sourcecode.swift; path = CenterViewController.swift; sourceTree = "<group>"; };
		2FD3F9571FDE2E51005DD1F1 /* RightViewController.swift */ = {isa = PBXFileReference; lastKnownFileType = sourcecode.swift; path = RightViewController.swift; sourceTree = "<group>"; };
		4A14F4A8071B86B5BB3B593F /* Pods-guanggoo-iOS.debug.xcconfig */ = {isa = PBXFileReference; includeInIndex = 1; lastKnownFileType = text.xcconfig; name = "Pods-guanggoo-iOS.debug.xcconfig"; path = "Pods/Target Support Files/Pods-guanggoo-iOS/Pods-guanggoo-iOS.debug.xcconfig"; sourceTree = "<group>"; };
		833BA3C19FF256FD0D8B1727 /* Pods-guanggoo-iOS.release.xcconfig */ = {isa = PBXFileReference; includeInIndex = 1; lastKnownFileType = text.xcconfig; name = "Pods-guanggoo-iOS.release.xcconfig"; path = "Pods/Target Support Files/Pods-guanggoo-iOS/Pods-guanggoo-iOS.release.xcconfig"; sourceTree = "<group>"; };
		8F225A1249737370F60AFF7C /* Pods_guanggoo_iOS.framework */ = {isa = PBXFileReference; explicitFileType = wrapper.framework; includeInIndex = 0; path = Pods_guanggoo_iOS.framework; sourceTree = BUILT_PRODUCTS_DIR; };
/* End PBXFileReference section */

/* Begin PBXFrameworksBuildPhase section */
		2FD3F93B1FDE25FA005DD1F1 /* Frameworks */ = {
			isa = PBXFrameworksBuildPhase;
			buildActionMask = 2147483647;
			files = (
				6A1619CDDC5448126528E603 /* Pods_guanggoo_iOS.framework in Frameworks */,
			);
			runOnlyForDeploymentPostprocessing = 0;
		};
/* End PBXFrameworksBuildPhase section */

/* Begin PBXGroup section */
		2F0368111FE3A95C00E3DB47 /* Resources */ = {
			isa = PBXGroup;
			children = (
				2F0368121FE3A95C00E3DB47 /* Media.xcassets */,
			);
			path = Resources;
			sourceTree = "<group>";
		};
		2F1568001FE8DDB100169984 /* ContentPage */ = {
			isa = PBXGroup;
			children = (
				2F1568011FE8E71D00169984 /* ContentPageViewController.swift */,
				2F1568031FE8E7E700169984 /* ContentDataSource.swift */,
				2F1568051FE905D600169984 /* CPHeaderTableViewCell.swift */,
				2F1568071FE909DC00169984 /* CPHeaderView.swift */,
				2FC20BE11FEA4A4800381CDB /* CPCommentTableViewCell.swift */,
			);
			path = ContentPage;
			sourceTree = "<group>";
		};
		2F41E6941FE7DD7A00D8C4B4 /* HomePage */ = {
			isa = PBXGroup;
			children = (
				2FD3F9551FDE2E45005DD1F1 /* CenterViewController.swift */,
				2F41E6981FE7DE8100D8C4B4 /* HomePageDataSource.swift */,
				2F1567FB1FE89ABB00169984 /* HomePageTableViewCell.swift */,
			);
			path = HomePage;
			sourceTree = "<group>";
		};
		2F65E2081FEC9C0F0053AF48 /* Left */ = {
			isa = PBXGroup;
			children = (
				2FD3F9531FDE2E33005DD1F1 /* LeftViewController.swift */,
				2F65E2161FECEEAD0053AF48 /* LeftViewTableViewCell.swift */,
				2F044F3C1FF08B3A0036C47D /* NotificationViewController.swift */,
				2F044F3E1FF08CC50036C47D /* NotificationDataSource.swift */,
				2F044F401FF0D2EA0036C47D /* UserInfoViewController.swift */,
			);
			path = Left;
			sourceTree = "<group>";
		};
		2FC20BDB1FE9EDAE00381CDB /* AccountManager */ = {
			isa = PBXGroup;
			children = (
				2FC20BDC1FE9EDF300381CDB /* LoginViewController.swift */,
				2FBD2B891FEBCC2F009ED1A0 /* GuangGuAccount.swift */,
			);
			path = AccountManager;
			sourceTree = "<group>";
		};
		2FC20BDE1FE9EE4200381CDB /* Common */ = {
			isa = PBXGroup;
			children = (
				2FC20BDF1FE9EE8000381CDB /* GuangGuCommon.swift */,
				2FB02FD01FED149D009F2EA1 /* CommWebViewController.swift */,
			);
			path = Common;
			sourceTree = "<group>";
		};
		2FC657111FEE21B20001DADC /* Right */ = {
			isa = PBXGroup;
			children = (
				2FD3F9571FDE2E51005DD1F1 /* RightViewController.swift */,
				2FC657121FEE244A0001DADC /* NodesDataSource.swift */,
			);
			path = Right;
			sourceTree = "<group>";
		};
		2FD3F9351FDE25FA005DD1F1 = {
			isa = PBXGroup;
			children = (
				2FD3F9401FDE25FA005DD1F1 /* guanggoo-iOS */,
				2FD3F93F1FDE25FA005DD1F1 /* Products */,
				EAC4ED0321939C0CFD3BCEB8 /* Pods */,
				AEFCA0C76E1BD61AAC1D29A3 /* Frameworks */,
			);
			sourceTree = "<group>";
		};
		2FD3F93F1FDE25FA005DD1F1 /* Products */ = {
			isa = PBXGroup;
			children = (
				2FD3F93E1FDE25FA005DD1F1 /* guanggoo-iOS.app */,
			);
			name = Products;
			sourceTree = "<group>";
		};
		2FD3F9401FDE25FA005DD1F1 /* guanggoo-iOS */ = {
			isa = PBXGroup;
			children = (
				2FC657111FEE21B20001DADC /* Right */,
				2F65E2081FEC9C0F0053AF48 /* Left */,
				2FC20BDE1FE9EE4200381CDB /* Common */,
				2FC20BDB1FE9EDAE00381CDB /* AccountManager */,
				2F1568001FE8DDB100169984 /* ContentPage */,
				2F41E6941FE7DD7A00D8C4B4 /* HomePage */,
				2F41E6931FE7B27700D8C4B4 /* guanggoo-iOS-Bridging-Header.h */,
				2FD3F9411FDE25FA005DD1F1 /* AppDelegate.swift */,
				2FD3F9481FDE25FA005DD1F1 /* Assets.xcassets */,
				2FD3F94A1FDE25FA005DD1F1 /* LaunchScreen.storyboard */,
				2FD3F94D1FDE25FA005DD1F1 /* Info.plist */,
				2F0368111FE3A95C00E3DB47 /* Resources */,
			);
			path = "guanggoo-iOS";
			sourceTree = "<group>";
		};
		AEFCA0C76E1BD61AAC1D29A3 /* Frameworks */ = {
			isa = PBXGroup;
			children = (
				8F225A1249737370F60AFF7C /* Pods_guanggoo_iOS.framework */,
			);
			name = Frameworks;
			sourceTree = "<group>";
		};
		EAC4ED0321939C0CFD3BCEB8 /* Pods */ = {
			isa = PBXGroup;
			children = (
				4A14F4A8071B86B5BB3B593F /* Pods-guanggoo-iOS.debug.xcconfig */,
				833BA3C19FF256FD0D8B1727 /* Pods-guanggoo-iOS.release.xcconfig */,
			);
			name = Pods;
			sourceTree = "<group>";
		};
/* End PBXGroup section */

/* Begin PBXNativeTarget section */
		2FD3F93D1FDE25FA005DD1F1 /* guanggoo-iOS */ = {
			isa = PBXNativeTarget;
			buildConfigurationList = 2FD3F9501FDE25FA005DD1F1 /* Build configuration list for PBXNativeTarget "guanggoo-iOS" */;
			buildPhases = (
				947B1C59250789BD56B806A5 /* [CP] Check Pods Manifest.lock */,
				2FD3F93A1FDE25FA005DD1F1 /* Sources */,
				2FD3F93B1FDE25FA005DD1F1 /* Frameworks */,
				2FD3F93C1FDE25FA005DD1F1 /* Resources */,
				D624930C314E975883803821 /* [CP] Embed Pods Frameworks */,
				6C437EC45D6AE206F32D4FD5 /* [CP] Copy Pods Resources */,
			);
			buildRules = (
			);
			dependencies = (
			);
			name = "guanggoo-iOS";
			productName = "guanggoo-iOS";
			productReference = 2FD3F93E1FDE25FA005DD1F1 /* guanggoo-iOS.app */;
			productType = "com.apple.product-type.application";
		};
/* End PBXNativeTarget section */

/* Begin PBXProject section */
		2FD3F9361FDE25FA005DD1F1 /* Project object */ = {
			isa = PBXProject;
			attributes = {
				LastSwiftUpdateCheck = 0910;
				LastUpgradeCheck = 0910;
				ORGANIZATIONNAME = tdx;
				TargetAttributes = {
					2FD3F93D1FDE25FA005DD1F1 = {
						CreatedOnToolsVersion = 9.1;
						ProvisioningStyle = Automatic;
					};
				};
			};
			buildConfigurationList = 2FD3F9391FDE25FA005DD1F1 /* Build configuration list for PBXProject "guanggoo-iOS" */;
			compatibilityVersion = "Xcode 8.0";
			developmentRegion = en;
			hasScannedForEncodings = 0;
			knownRegions = (
				en,
				Base,
			);
			mainGroup = 2FD3F9351FDE25FA005DD1F1;
			productRefGroup = 2FD3F93F1FDE25FA005DD1F1 /* Products */;
			projectDirPath = "";
			projectRoot = "";
			targets = (
				2FD3F93D1FDE25FA005DD1F1 /* guanggoo-iOS */,
			);
		};
/* End PBXProject section */

/* Begin PBXResourcesBuildPhase section */
		2FD3F93C1FDE25FA005DD1F1 /* Resources */ = {
			isa = PBXResourcesBuildPhase;
			buildActionMask = 2147483647;
			files = (
				2FD3F94C1FDE25FA005DD1F1 /* LaunchScreen.storyboard in Resources */,
				2F0368131FE3A95C00E3DB47 /* Media.xcassets in Resources */,
				2FD3F9491FDE25FA005DD1F1 /* Assets.xcassets in Resources */,
			);
			runOnlyForDeploymentPostprocessing = 0;
		};
/* End PBXResourcesBuildPhase section */

/* Begin PBXShellScriptBuildPhase section */
		6C437EC45D6AE206F32D4FD5 /* [CP] Copy Pods Resources */ = {
			isa = PBXShellScriptBuildPhase;
			buildActionMask = 2147483647;
			files = (
			);
			inputPaths = (
			);
			name = "[CP] Copy Pods Resources";
			outputPaths = (
			);
			runOnlyForDeploymentPostprocessing = 0;
			shellPath = /bin/sh;
			shellScript = "\"${SRCROOT}/Pods/Target Support Files/Pods-guanggoo-iOS/Pods-guanggoo-iOS-resources.sh\"\n";
			showEnvVarsInLog = 0;
		};
		947B1C59250789BD56B806A5 /* [CP] Check Pods Manifest.lock */ = {
			isa = PBXShellScriptBuildPhase;
			buildActionMask = 2147483647;
			files = (
			);
			inputPaths = (
				"${PODS_PODFILE_DIR_PATH}/Podfile.lock",
				"${PODS_ROOT}/Manifest.lock",
			);
			name = "[CP] Check Pods Manifest.lock";
			outputPaths = (
				"$(DERIVED_FILE_DIR)/Pods-guanggoo-iOS-checkManifestLockResult.txt",
			);
			runOnlyForDeploymentPostprocessing = 0;
			shellPath = /bin/sh;
			shellScript = "diff \"${PODS_PODFILE_DIR_PATH}/Podfile.lock\" \"${PODS_ROOT}/Manifest.lock\" > /dev/null\nif [ $? != 0 ] ; then\n    # print error to STDERR\n    echo \"error: The sandbox is not in sync with the Podfile.lock. Run 'pod install' or update your CocoaPods installation.\" >&2\n    exit 1\nfi\n# This output is used by Xcode 'outputs' to avoid re-running this script phase.\necho \"SUCCESS\" > \"${SCRIPT_OUTPUT_FILE_0}\"\n";
			showEnvVarsInLog = 0;
		};
		D624930C314E975883803821 /* [CP] Embed Pods Frameworks */ = {
			isa = PBXShellScriptBuildPhase;
			buildActionMask = 2147483647;
			files = (
			);
			inputPaths = (
				"${SRCROOT}/Pods/Target Support Files/Pods-guanggoo-iOS/Pods-guanggoo-iOS-frameworks.sh",
				"${BUILT_PRODUCTS_DIR}/Alamofire/Alamofire.framework",
				"${BUILT_PRODUCTS_DIR}/DACircularProgress/DACircularProgress.framework",
				"${BUILT_PRODUCTS_DIR}/DrawerController/DrawerController.framework",
				"${BUILT_PRODUCTS_DIR}/Ji/Ji.framework",
				"${BUILT_PRODUCTS_DIR}/KVOController/KVOController.framework",
				"${BUILT_PRODUCTS_DIR}/Kingfisher/Kingfisher.framework",
				"${BUILT_PRODUCTS_DIR}/MBProgressHUD/MBProgressHUD.framework",
				"${BUILT_PRODUCTS_DIR}/MJRefresh/MJRefresh.framework",
				"${BUILT_PRODUCTS_DIR}/MWPhotoBrowser/MWPhotoBrowser.framework",
				"${BUILT_PRODUCTS_DIR}/SDWebImage/SDWebImage.framework",
				"${BUILT_PRODUCTS_DIR}/SnapKit/SnapKit.framework",
				"${BUILT_PRODUCTS_DIR}/SwiftSoup/SwiftSoup.framework",
				"${BUILT_PRODUCTS_DIR}/YYText/YYText.framework",
			);
			name = "[CP] Embed Pods Frameworks";
			outputPaths = (
				"${TARGET_BUILD_DIR}/${FRAMEWORKS_FOLDER_PATH}/Alamofire.framework",
				"${TARGET_BUILD_DIR}/${FRAMEWORKS_FOLDER_PATH}/DACircularProgress.framework",
				"${TARGET_BUILD_DIR}/${FRAMEWORKS_FOLDER_PATH}/DrawerController.framework",
				"${TARGET_BUILD_DIR}/${FRAMEWORKS_FOLDER_PATH}/Ji.framework",
				"${TARGET_BUILD_DIR}/${FRAMEWORKS_FOLDER_PATH}/KVOController.framework",
				"${TARGET_BUILD_DIR}/${FRAMEWORKS_FOLDER_PATH}/Kingfisher.framework",
				"${TARGET_BUILD_DIR}/${FRAMEWORKS_FOLDER_PATH}/MBProgressHUD.framework",
				"${TARGET_BUILD_DIR}/${FRAMEWORKS_FOLDER_PATH}/MJRefresh.framework",
				"${TARGET_BUILD_DIR}/${FRAMEWORKS_FOLDER_PATH}/MWPhotoBrowser.framework",
				"${TARGET_BUILD_DIR}/${FRAMEWORKS_FOLDER_PATH}/SDWebImage.framework",
				"${TARGET_BUILD_DIR}/${FRAMEWORKS_FOLDER_PATH}/SnapKit.framework",
				"${TARGET_BUILD_DIR}/${FRAMEWORKS_FOLDER_PATH}/SwiftSoup.framework",
				"${TARGET_BUILD_DIR}/${FRAMEWORKS_FOLDER_PATH}/YYText.framework",
			);
			runOnlyForDeploymentPostprocessing = 0;
			shellPath = /bin/sh;
			shellScript = "\"${SRCROOT}/Pods/Target Support Files/Pods-guanggoo-iOS/Pods-guanggoo-iOS-frameworks.sh\"\n";
			showEnvVarsInLog = 0;
		};
/* End PBXShellScriptBuildPhase section */

/* Begin PBXSourcesBuildPhase section */
		2FD3F93A1FDE25FA005DD1F1 /* Sources */ = {
			isa = PBXSourcesBuildPhase;
			buildActionMask = 2147483647;
			files = (
				2FC657131FEE244A0001DADC /* NodesDataSource.swift in Sources */,
				2F1568041FE8E7E700169984 /* ContentDataSource.swift in Sources */,
				2FD3F9541FDE2E33005DD1F1 /* LeftViewController.swift in Sources */,
				2FBD2B8A1FEBCC2F009ED1A0 /* GuangGuAccount.swift in Sources */,
				2F1568081FE909DC00169984 /* CPHeaderView.swift in Sources */,
				2F1567FC1FE89ABB00169984 /* HomePageTableViewCell.swift in Sources */,
				2FD3F9561FDE2E45005DD1F1 /* CenterViewController.swift in Sources */,
				2FD3F9581FDE2E52005DD1F1 /* RightViewController.swift in Sources */,
				2F1568021FE8E71D00169984 /* ContentPageViewController.swift in Sources */,
				2F65E2171FECEEAD0053AF48 /* LeftViewTableViewCell.swift in Sources */,
				2FD3F9421FDE25FA005DD1F1 /* AppDelegate.swift in Sources */,
				2F1568061FE905D600169984 /* CPHeaderTableViewCell.swift in Sources */,
				2FC20BE01FE9EE8000381CDB /* GuangGuCommon.swift in Sources */,
				2F41E6991FE7DE8100D8C4B4 /* HomePageDataSource.swift in Sources */,
				2F044F3D1FF08B3A0036C47D /* NotificationViewController.swift in Sources */,
				2FC20BE21FEA4A4800381CDB /* CPCommentTableViewCell.swift in Sources */,
				2F044F3F1FF08CC50036C47D /* NotificationDataSource.swift in Sources */,
				2F044F411FF0D2EA0036C47D /* UserInfoViewController.swift in Sources */,
				2FC20BDD1FE9EDF300381CDB /* LoginViewController.swift in Sources */,
				2FB02FD11FED149D009F2EA1 /* CommWebViewController.swift in Sources */,
			);
			runOnlyForDeploymentPostprocessing = 0;
		};
/* End PBXSourcesBuildPhase section */

/* Begin PBXVariantGroup section */
		2FD3F94A1FDE25FA005DD1F1 /* LaunchScreen.storyboard */ = {
			isa = PBXVariantGroup;
			children = (
				2FD3F94B1FDE25FA005DD1F1 /* Base */,
			);
			name = LaunchScreen.storyboard;
			sourceTree = "<group>";
		};
/* End PBXVariantGroup section */

/* Begin XCBuildConfiguration section */
		2FD3F94E1FDE25FA005DD1F1 /* Debug */ = {
			isa = XCBuildConfiguration;
			buildSettings = {
				ALWAYS_SEARCH_USER_PATHS = NO;
				CLANG_ANALYZER_NONNULL = YES;
				CLANG_ANALYZER_NUMBER_OBJECT_CONVERSION = YES_AGGRESSIVE;
				CLANG_CXX_LANGUAGE_STANDARD = "gnu++14";
				CLANG_CXX_LIBRARY = "libc++";
				CLANG_ENABLE_MODULES = YES;
				CLANG_ENABLE_OBJC_ARC = YES;
				CLANG_WARN_BLOCK_CAPTURE_AUTORELEASING = YES;
				CLANG_WARN_BOOL_CONVERSION = YES;
				CLANG_WARN_COMMA = YES;
				CLANG_WARN_CONSTANT_CONVERSION = YES;
				CLANG_WARN_DIRECT_OBJC_ISA_USAGE = YES_ERROR;
				CLANG_WARN_DOCUMENTATION_COMMENTS = YES;
				CLANG_WARN_EMPTY_BODY = YES;
				CLANG_WARN_ENUM_CONVERSION = YES;
				CLANG_WARN_INFINITE_RECURSION = YES;
				CLANG_WARN_INT_CONVERSION = YES;
				CLANG_WARN_NON_LITERAL_NULL_CONVERSION = YES;
				CLANG_WARN_OBJC_LITERAL_CONVERSION = YES;
				CLANG_WARN_OBJC_ROOT_CLASS = YES_ERROR;
				CLANG_WARN_RANGE_LOOP_ANALYSIS = YES;
				CLANG_WARN_STRICT_PROTOTYPES = YES;
				CLANG_WARN_SUSPICIOUS_MOVE = YES;
				CLANG_WARN_UNGUARDED_AVAILABILITY = YES_AGGRESSIVE;
				CLANG_WARN_UNREACHABLE_CODE = YES;
				CLANG_WARN__DUPLICATE_METHOD_MATCH = YES;
				CODE_SIGN_IDENTITY = "iPhone Developer";
				COPY_PHASE_STRIP = NO;
				DEBUG_INFORMATION_FORMAT = dwarf;
				ENABLE_STRICT_OBJC_MSGSEND = YES;
				ENABLE_TESTABILITY = YES;
				GCC_C_LANGUAGE_STANDARD = gnu11;
				GCC_DYNAMIC_NO_PIC = NO;
				GCC_NO_COMMON_BLOCKS = YES;
				GCC_OPTIMIZATION_LEVEL = 0;
				GCC_PREPROCESSOR_DEFINITIONS = (
					"DEBUG=1",
					"$(inherited)",
				);
				GCC_WARN_64_TO_32_BIT_CONVERSION = YES;
				GCC_WARN_ABOUT_RETURN_TYPE = YES_ERROR;
				GCC_WARN_UNDECLARED_SELECTOR = YES;
				GCC_WARN_UNINITIALIZED_AUTOS = YES_AGGRESSIVE;
				GCC_WARN_UNUSED_FUNCTION = YES;
				GCC_WARN_UNUSED_VARIABLE = YES;
				IPHONEOS_DEPLOYMENT_TARGET = 9.0;
				MTL_ENABLE_DEBUG_INFO = YES;
				ONLY_ACTIVE_ARCH = YES;
				SDKROOT = iphoneos;
				SWIFT_ACTIVE_COMPILATION_CONDITIONS = DEBUG;
				SWIFT_OPTIMIZATION_LEVEL = "-Onone";
			};
			name = Debug;
		};
		2FD3F94F1FDE25FA005DD1F1 /* Release */ = {
			isa = XCBuildConfiguration;
			buildSettings = {
				ALWAYS_SEARCH_USER_PATHS = NO;
				CLANG_ANALYZER_NONNULL = YES;
				CLANG_ANALYZER_NUMBER_OBJECT_CONVERSION = YES_AGGRESSIVE;
				CLANG_CXX_LANGUAGE_STANDARD = "gnu++14";
				CLANG_CXX_LIBRARY = "libc++";
				CLANG_ENABLE_MODULES = YES;
				CLANG_ENABLE_OBJC_ARC = YES;
				CLANG_WARN_BLOCK_CAPTURE_AUTORELEASING = YES;
				CLANG_WARN_BOOL_CONVERSION = YES;
				CLANG_WARN_COMMA = YES;
				CLANG_WARN_CONSTANT_CONVERSION = YES;
				CLANG_WARN_DIRECT_OBJC_ISA_USAGE = YES_ERROR;
				CLANG_WARN_DOCUMENTATION_COMMENTS = YES;
				CLANG_WARN_EMPTY_BODY = YES;
				CLANG_WARN_ENUM_CONVERSION = YES;
				CLANG_WARN_INFINITE_RECURSION = YES;
				CLANG_WARN_INT_CONVERSION = YES;
				CLANG_WARN_NON_LITERAL_NULL_CONVERSION = YES;
				CLANG_WARN_OBJC_LITERAL_CONVERSION = YES;
				CLANG_WARN_OBJC_ROOT_CLASS = YES_ERROR;
				CLANG_WARN_RANGE_LOOP_ANALYSIS = YES;
				CLANG_WARN_STRICT_PROTOTYPES = YES;
				CLANG_WARN_SUSPICIOUS_MOVE = YES;
				CLANG_WARN_UNGUARDED_AVAILABILITY = YES_AGGRESSIVE;
				CLANG_WARN_UNREACHABLE_CODE = YES;
				CLANG_WARN__DUPLICATE_METHOD_MATCH = YES;
				CODE_SIGN_IDENTITY = "iPhone Developer";
				COPY_PHASE_STRIP = NO;
				DEBUG_INFORMATION_FORMAT = "dwarf-with-dsym";
				ENABLE_NS_ASSERTIONS = NO;
				ENABLE_STRICT_OBJC_MSGSEND = YES;
				GCC_C_LANGUAGE_STANDARD = gnu11;
				GCC_NO_COMMON_BLOCKS = YES;
				GCC_WARN_64_TO_32_BIT_CONVERSION = YES;
				GCC_WARN_ABOUT_RETURN_TYPE = YES_ERROR;
				GCC_WARN_UNDECLARED_SELECTOR = YES;
				GCC_WARN_UNINITIALIZED_AUTOS = YES_AGGRESSIVE;
				GCC_WARN_UNUSED_FUNCTION = YES;
				GCC_WARN_UNUSED_VARIABLE = YES;
				IPHONEOS_DEPLOYMENT_TARGET = 9.0;
				MTL_ENABLE_DEBUG_INFO = NO;
				SDKROOT = iphoneos;
				SWIFT_OPTIMIZATION_LEVEL = "-Owholemodule";
				VALIDATE_PRODUCT = YES;
			};
			name = Release;
		};
		2FD3F9511FDE25FA005DD1F1 /* Debug */ = {
			isa = XCBuildConfiguration;
			baseConfigurationReference = 4A14F4A8071B86B5BB3B593F /* Pods-guanggoo-iOS.debug.xcconfig */;
			buildSettings = {
				ASSETCATALOG_COMPILER_APPICON_NAME = AppIcon;
				CODE_SIGN_STYLE = Automatic;
				DEVELOPMENT_TEAM = M8JG9Q5SKA;
				INFOPLIST_FILE = "guanggoo-iOS/Info.plist";
				LD_RUNPATH_SEARCH_PATHS = "$(inherited) @executable_path/Frameworks";
				PRODUCT_BUNDLE_IDENTIFIER = "com.tdx.sjjvenu.guanggoo-iOS";
				PRODUCT_NAME = "$(TARGET_NAME)";
				SWIFT_OBJC_BRIDGING_HEADER = "$(SRCROOT)/guanggoo-iOS/guanggoo-iOS-Bridging-Header.h";
				SWIFT_VERSION = 4.0;
				TARGETED_DEVICE_FAMILY = 1;
			};
			name = Debug;
		};
		2FD3F9521FDE25FA005DD1F1 /* Release */ = {
			isa = XCBuildConfiguration;
			baseConfigurationReference = 833BA3C19FF256FD0D8B1727 /* Pods-guanggoo-iOS.release.xcconfig */;
			buildSettings = {
				ASSETCATALOG_COMPILER_APPICON_NAME = AppIcon;
				CODE_SIGN_STYLE = Automatic;
				DEVELOPMENT_TEAM = M8JG9Q5SKA;
				INFOPLIST_FILE = "guanggoo-iOS/Info.plist";
				LD_RUNPATH_SEARCH_PATHS = "$(inherited) @executable_path/Frameworks";
				PRODUCT_BUNDLE_IDENTIFIER = "com.tdx.sjjvenu.guanggoo-iOS";
				PRODUCT_NAME = "$(TARGET_NAME)";
				SWIFT_OBJC_BRIDGING_HEADER = "$(SRCROOT)/guanggoo-iOS/guanggoo-iOS-Bridging-Header.h";
				SWIFT_VERSION = 4.0;
				TARGETED_DEVICE_FAMILY = 1;
			};
			name = Release;
		};
/* End XCBuildConfiguration section */

/* Begin XCConfigurationList section */
		2FD3F9391FDE25FA005DD1F1 /* Build configuration list for PBXProject "guanggoo-iOS" */ = {
			isa = XCConfigurationList;
			buildConfigurations = (
				2FD3F94E1FDE25FA005DD1F1 /* Debug */,
				2FD3F94F1FDE25FA005DD1F1 /* Release */,
			);
			defaultConfigurationIsVisible = 0;
			defaultConfigurationName = Release;
		};
		2FD3F9501FDE25FA005DD1F1 /* Build configuration list for PBXNativeTarget "guanggoo-iOS" */ = {
			isa = XCConfigurationList;
			buildConfigurations = (
				2FD3F9511FDE25FA005DD1F1 /* Debug */,
				2FD3F9521FDE25FA005DD1F1 /* Release */,
			);
			defaultConfigurationIsVisible = 0;
			defaultConfigurationName = Release;
		};
/* End XCConfigurationList section */
	};
	rootObject = 2FD3F9361FDE25FA005DD1F1 /* Project object */;
}
